
Microsoft Visual Studio Solution File, Format Version 12.00
# Visual Studio Version 17
VisualStudioVersion = 17.9.34622.214
MinimumVisualStudioVersion = 10.0.40219.1
Project("{FAE04EC0-301F-11D3-BF4B-00C04F79EFBC}") = "EmployeeApplication", "EmployeeApplication\EmployeeApplication.csproj", "{40AD1912-807B-4D4B-8599-49EC0846EC8B}"
EndProject
Global
	GlobalSection(SolutionConfigurationPlatforms) = preSolution
		Debug|Any CPU = Debug|Any CPU
		Release|Any CPU = Release|Any CPU
	EndGlobalSection
	GlobalSection(ProjectConfigurationPlatforms) = postSolution
		{40AD1912-807B-4D4B-8599-49EC0846EC8B}.Debug|Any CPU.ActiveCfg = Debug|Any CPU
		{40AD1912-807B-4D4B-8599-49EC0846EC8B}.Debug|Any CPU.Build.0 = Debug|Any CPU
		{40AD1912-807B-4D4B-8599-49EC0846EC8B}.Release|Any CPU.ActiveCfg = Release|Any CPU
		{40AD1912-807B-4D4B-8599-49EC0846EC8B}.Release|Any CPU.Build.0 = Release|Any CPU
	EndGlobalSection
	GlobalSection(SolutionProperties) = preSolution
		HideSolutionNode = FALSE
	EndGlobalSection
	GlobalSection(ExtensibilityGlobals) = postSolution
		SolutionGuid = {34656E46-F2CA-4347-8FB4-2D2654CE9437}
	EndGlobalSection
EndGlobal
